
Microsoft Visual Studio Solution File, Format Version 12.00
# Visual Studio Version 17
VisualStudioVersion = 17.4.33403.182
MinimumVisualStudioVersion = 10.0.40219.1
Project("{FAE04EC0-301F-11D3-BF4B-00C04F79EFBC}") = "MyContab", "MyContab\MyContab.csproj", "{8856BEA7-81D3-4A4F-99D8-EC2301D51645}"
EndProject
Global
	GlobalSection(SolutionConfigurationPlatforms) = preSolution
		Debug|Any CPU = Debug|Any CPU
		Release|Any CPU = Release|Any CPU
	EndGlobalSection
	GlobalSection(ProjectConfigurationPlatforms) = postSolution
		{8856BEA7-81D3-4A4F-99D8-EC2301D51645}.Debug|Any CPU.ActiveCfg = Debug|Any CPU
		{8856BEA7-81D3-4A4F-99D8-EC2301D51645}.Debug|Any CPU.Build.0 = Debug|Any CPU
		{8856BEA7-81D3-4A4F-99D8-EC2301D51645}.Release|Any CPU.ActiveCfg = Release|Any CPU
		{8856BEA7-81D3-4A4F-99D8-EC2301D51645}.Release|Any CPU.Build.0 = Release|Any CPU
	EndGlobalSection
	GlobalSection(SolutionProperties) = preSolution
		HideSolutionNode = FALSE
	EndGlobalSection
	GlobalSection(ExtensibilityGlobals) = postSolution
		SolutionGuid = {FABB1B40-31BB-45AA-8921-C85DCC91BB5C}
	EndGlobalSection
EndGlobal
