
Microsoft Visual Studio Solution File, Format Version 12.00
# Visual Studio Version 17
VisualStudioVersion = 17.6.33801.468
MinimumVisualStudioVersion = 10.0.40219.1
Project("{FAE04EC0-301F-11D3-BF4B-00C04F79EFBC}") = "CalculoPercentual", "CalculoPercentual\CalculoPercentual.csproj", "{734E002E-5FCD-40D4-A4CA-49484A24C131}"
EndProject
Global
	GlobalSection(SolutionConfigurationPlatforms) = preSolution
		Debug|Any CPU = Debug|Any CPU
		Release|Any CPU = Release|Any CPU
	EndGlobalSection
	GlobalSection(ProjectConfigurationPlatforms) = postSolution
		{734E002E-5FCD-40D4-A4CA-49484A24C131}.Debug|Any CPU.ActiveCfg = Debug|Any CPU
		{734E002E-5FCD-40D4-A4CA-49484A24C131}.Debug|Any CPU.Build.0 = Debug|Any CPU
		{734E002E-5FCD-40D4-A4CA-49484A24C131}.Release|Any CPU.ActiveCfg = Release|Any CPU
		{734E002E-5FCD-40D4-A4CA-49484A24C131}.Release|Any CPU.Build.0 = Release|Any CPU
	EndGlobalSection
	GlobalSection(SolutionProperties) = preSolution
		HideSolutionNode = FALSE
	EndGlobalSection
	GlobalSection(ExtensibilityGlobals) = postSolution
		SolutionGuid = {F05CCC72-DB1D-491F-8301-B35A2230A006}
	EndGlobalSection
EndGlobal
